
Microsoft Visual Studio Solution File, Format Version 12.00
# Visual Studio Version 16
VisualStudioVersion = 16.0.28803.452
MinimumVisualStudioVersion = 10.0.40219.1
Project("{FAE04EC0-301F-11D3-BF4B-00C04F79EFBC}") = "StoryTime", "StoryTime\StoryTime.csproj", "{304F67CE-4065-4A9E-A236-3D86AC0DBF82}"
EndProject
Global
	GlobalSection(SolutionConfigurationPlatforms) = preSolution
		Debug|Any CPU = Debug|Any CPU
		Release|Any CPU = Release|Any CPU
	EndGlobalSection
	GlobalSection(ProjectConfigurationPlatforms) = postSolution
		{304F67CE-4065-4A9E-A236-3D86AC0DBF82}.Debug|Any CPU.ActiveCfg = Debug|Any CPU
		{304F67CE-4065-4A9E-A236-3D86AC0DBF82}.Debug|Any CPU.Build.0 = Debug|Any CPU
		{304F67CE-4065-4A9E-A236-3D86AC0DBF82}.Release|Any CPU.ActiveCfg = Release|Any CPU
		{304F67CE-4065-4A9E-A236-3D86AC0DBF82}.Release|Any CPU.Build.0 = Release|Any CPU
	EndGlobalSection
	GlobalSection(SolutionProperties) = preSolution
		HideSolutionNode = FALSE
	EndGlobalSection
	GlobalSection(ExtensibilityGlobals) = postSolution
		SolutionGuid = {E7718A42-AF5A-4CE8-963A-98D92EEB645C}
	EndGlobalSection
EndGlobal
